
Microsoft Visual Studio Solution File, Format Version 12.00
# Visual Studio Version 17
VisualStudioVersion = 17.9.34728.123
MinimumVisualStudioVersion = 10.0.40219.1
Project("{FAE04EC0-301F-11D3-BF4B-00C04F79EFBC}") = "DemoTodo", "DemoTodo\DemoTodo.csproj", "{51CDB280-93AF-4D35-AF6B-C66102E09703}"
EndProject
Project("{2150E333-8FDC-42A3-9474-1A3956D46DE8}") = "Solution Items", "Solution Items", "{5F728975-9B8A-41B6-8938-BE62C9799B3F}"
	ProjectSection(SolutionItems) = preProject
		.editorconfig = .editorconfig
	EndProjectSection
EndProject
Global
	GlobalSection(SolutionConfigurationPlatforms) = preSolution
		Debug|Any CPU = Debug|Any CPU
		Release|Any CPU = Release|Any CPU
	EndGlobalSection
	GlobalSection(ProjectConfigurationPlatforms) = postSolution
		{51CDB280-93AF-4D35-AF6B-C66102E09703}.Debug|Any CPU.ActiveCfg = Debug|Any CPU
		{51CDB280-93AF-4D35-AF6B-C66102E09703}.Debug|Any CPU.Build.0 = Debug|Any CPU
		{51CDB280-93AF-4D35-AF6B-C66102E09703}.Release|Any CPU.ActiveCfg = Release|Any CPU
		{51CDB280-93AF-4D35-AF6B-C66102E09703}.Release|Any CPU.Build.0 = Release|Any CPU
	EndGlobalSection
	GlobalSection(SolutionProperties) = preSolution
		HideSolutionNode = FALSE
	EndGlobalSection
	GlobalSection(ExtensibilityGlobals) = postSolution
		SolutionGuid = {AC2C03B8-9F7D-4038-94D9-E0636ADC600A}
	EndGlobalSection
EndGlobal
